
Microsoft Visual Studio Solution File, Format Version 12.00
# Visual Studio 15
VisualStudioVersion = 15.0.28010.2019
MinimumVisualStudioVersion = 10.0.40219.1
Project("{FAE04EC0-301F-11D3-BF4B-00C04F79EFBC}") = "ServiceExchange.Redis.Wrapper", "ServiceExchange.Redis.Wrapper\ServiceExchange.Redis.Wrapper.csproj", "{59F75975-8CBE-4055-96C0-A2ADA0A504A8}"
EndProject
Global
	GlobalSection(SolutionConfigurationPlatforms) = preSolution
		Debug|Any CPU = Debug|Any CPU
		Release|Any CPU = Release|Any CPU
	EndGlobalSection
	GlobalSection(ProjectConfigurationPlatforms) = postSolution
		{59F75975-8CBE-4055-96C0-A2ADA0A504A8}.Debug|Any CPU.ActiveCfg = Debug|Any CPU
		{59F75975-8CBE-4055-96C0-A2ADA0A504A8}.Debug|Any CPU.Build.0 = Debug|Any CPU
		{59F75975-8CBE-4055-96C0-A2ADA0A504A8}.Release|Any CPU.ActiveCfg = Release|Any CPU
		{59F75975-8CBE-4055-96C0-A2ADA0A504A8}.Release|Any CPU.Build.0 = Release|Any CPU
	EndGlobalSection
	GlobalSection(SolutionProperties) = preSolution
		HideSolutionNode = FALSE
	EndGlobalSection
	GlobalSection(ExtensibilityGlobals) = postSolution
		SolutionGuid = {1E00ED0E-5144-4B4D-9C2E-07AB5D435D89}
	EndGlobalSection
EndGlobal
